
Microsoft Visual Studio Solution File, Format Version 12.00
# Visual Studio Version 17
VisualStudioVersion = 17.5.33516.290
MinimumVisualStudioVersion = 10.0.40219.1
Project("{9A19103F-16F7-4668-BE54-9A1E7A4F7556}") = "MaxPhoneFarm_v23.06.20", "MaxPhoneFarm_v23.06.20\MaxPhoneFarm_v23.06.20.csproj", "{7D0CBC5C-B0FF-4413-8279-702FF308C277}"
EndProject
Global
	GlobalSection(SolutionConfigurationPlatforms) = preSolution
		Debug|Any CPU = Debug|Any CPU
		Release|Any CPU = Release|Any CPU
	EndGlobalSection
	GlobalSection(ProjectConfigurationPlatforms) = postSolution
		{7D0CBC5C-B0FF-4413-8279-702FF308C277}.Debug|Any CPU.ActiveCfg = Debug|Any CPU
		{7D0CBC5C-B0FF-4413-8279-702FF308C277}.Debug|Any CPU.Build.0 = Debug|Any CPU
		{7D0CBC5C-B0FF-4413-8279-702FF308C277}.Release|Any CPU.ActiveCfg = Release|Any CPU
		{7D0CBC5C-B0FF-4413-8279-702FF308C277}.Release|Any CPU.Build.0 = Release|Any CPU
	EndGlobalSection
	GlobalSection(SolutionProperties) = preSolution
		HideSolutionNode = FALSE
	EndGlobalSection
	GlobalSection(ExtensibilityGlobals) = postSolution
		SolutionGuid = {40027984-C253-433C-BFA0-FA3F6A116DD9}
	EndGlobalSection
EndGlobal
